
Microsoft Visual Studio Solution File, Format Version 12.00
# Visual Studio Version 17
VisualStudioVersion = 17.6.33801.468
MinimumVisualStudioVersion = 10.0.40219.1
Project("{8BC9CEB8-8B4A-11D0-8D11-00A0C91BC942}") = "Project14", "Project14\Project14.vcxproj", "{5360F166-CE6A-468C-A006-A5FF83620831}"
EndProject
Global
	GlobalSection(SolutionConfigurationPlatforms) = preSolution
		Debug|x64 = Debug|x64
		Debug|x86 = Debug|x86
		Release|x64 = Release|x64
		Release|x86 = Release|x86
	EndGlobalSection
	GlobalSection(ProjectConfigurationPlatforms) = postSolution
		{5360F166-CE6A-468C-A006-A5FF83620831}.Debug|x64.ActiveCfg = Debug|x64
		{5360F166-CE6A-468C-A006-A5FF83620831}.Debug|x64.Build.0 = Debug|x64
		{5360F166-CE6A-468C-A006-A5FF83620831}.Debug|x86.ActiveCfg = Debug|Win32
		{5360F166-CE6A-468C-A006-A5FF83620831}.Debug|x86.Build.0 = Debug|Win32
		{5360F166-CE6A-468C-A006-A5FF83620831}.Release|x64.ActiveCfg = Release|x64
		{5360F166-CE6A-468C-A006-A5FF83620831}.Release|x64.Build.0 = Release|x64
		{5360F166-CE6A-468C-A006-A5FF83620831}.Release|x86.ActiveCfg = Release|Win32
		{5360F166-CE6A-468C-A006-A5FF83620831}.Release|x86.Build.0 = Release|Win32
	EndGlobalSection
	GlobalSection(SolutionProperties) = preSolution
		HideSolutionNode = FALSE
	EndGlobalSection
	GlobalSection(ExtensibilityGlobals) = postSolution
		SolutionGuid = {2FE4F35E-1887-4067-A25E-82AC3CBEBA82}
	EndGlobalSection
EndGlobal
